
Microsoft Visual Studio Solution File, Format Version 12.00
# Visual Studio 14
VisualStudioVersion = 14.0.25420.1
MinimumVisualStudioVersion = 10.0.40219.1
Project("{FAE04EC0-301F-11D3-BF4B-00C04F79EFBC}") = "events.tac.local", "events.tac.local\events.tac.local.csproj", "{2865D5EB-0EC3-4F29-BFA6-4D8704425740}"
EndProject
Project("{FAE04EC0-301F-11D3-BF4B-00C04F79EFBC}") = "tac.utils", "tac.utils\tac.utils.csproj", "{1C59F3AA-127D-4D46-92A9-8EB82692B76A}"
EndProject
Global
	GlobalSection(SolutionConfigurationPlatforms) = preSolution
		Debug|Any CPU = Debug|Any CPU
		Release|Any CPU = Release|Any CPU
	EndGlobalSection
	GlobalSection(ProjectConfigurationPlatforms) = postSolution
		{2865D5EB-0EC3-4F29-BFA6-4D8704425740}.Debug|Any CPU.ActiveCfg = Debug|Any CPU
		{2865D5EB-0EC3-4F29-BFA6-4D8704425740}.Debug|Any CPU.Build.0 = Debug|Any CPU
		{2865D5EB-0EC3-4F29-BFA6-4D8704425740}.Release|Any CPU.ActiveCfg = Release|Any CPU
		{2865D5EB-0EC3-4F29-BFA6-4D8704425740}.Release|Any CPU.Build.0 = Release|Any CPU
		{1C59F3AA-127D-4D46-92A9-8EB82692B76A}.Debug|Any CPU.ActiveCfg = Debug|Any CPU
		{1C59F3AA-127D-4D46-92A9-8EB82692B76A}.Debug|Any CPU.Build.0 = Debug|Any CPU
		{1C59F3AA-127D-4D46-92A9-8EB82692B76A}.Release|Any CPU.ActiveCfg = Release|Any CPU
		{1C59F3AA-127D-4D46-92A9-8EB82692B76A}.Release|Any CPU.Build.0 = Release|Any CPU
	EndGlobalSection
	GlobalSection(SolutionProperties) = preSolution
		HideSolutionNode = FALSE
	EndGlobalSection
EndGlobal
